
Microsoft Visual Studio Solution File, Format Version 12.00
# Visual Studio 14
VisualStudioVersion = 14.0.25420.1
MinimumVisualStudioVersion = 10.0.40219.1
Project("{FAE04EC0-301F-11D3-BF4B-00C04F79EFBC}") = "01-studentsystem-02-seed", "CodeFirstSudentSystem\01-studentsystem-02-seed.csproj", "{493C8404-E4E8-46CD-B78C-E8A914B956D3}"
EndProject
Project("{FAE04EC0-301F-11D3-BF4B-00C04F79EFBC}") = "03-working-with-database", "03-working-with-database\03-working-with-database.csproj", "{7459B9D9-5F3E-41B5-975D-A0C82E7506BB}"
EndProject
Project("{FAE04EC0-301F-11D3-BF4B-00C04F79EFBC}") = "04-resource-licenses", "04-resource-licenses\04-resource-licenses.csproj", "{A048E7D7-3CF7-4019-B06B-E48C621A0303}"
EndProject
Project("{FAE04EC0-301F-11D3-BF4B-00C04F79EFBC}") = "05-06-07-09-photographers-albums-tags", "05-photographers\05-06-07-09-photographers-albums-tags.csproj", "{E4CDC7A9-0952-4948-B3C9-EF2EA347A554}"
EndProject
Global
	GlobalSection(SolutionConfigurationPlatforms) = preSolution
		Debug|Any CPU = Debug|Any CPU
		Release|Any CPU = Release|Any CPU
	EndGlobalSection
	GlobalSection(ProjectConfigurationPlatforms) = postSolution
		{493C8404-E4E8-46CD-B78C-E8A914B956D3}.Debug|Any CPU.ActiveCfg = Debug|Any CPU
		{493C8404-E4E8-46CD-B78C-E8A914B956D3}.Debug|Any CPU.Build.0 = Debug|Any CPU
		{493C8404-E4E8-46CD-B78C-E8A914B956D3}.Release|Any CPU.ActiveCfg = Release|Any CPU
		{493C8404-E4E8-46CD-B78C-E8A914B956D3}.Release|Any CPU.Build.0 = Release|Any CPU
		{7459B9D9-5F3E-41B5-975D-A0C82E7506BB}.Debug|Any CPU.ActiveCfg = Debug|Any CPU
		{7459B9D9-5F3E-41B5-975D-A0C82E7506BB}.Debug|Any CPU.Build.0 = Debug|Any CPU
		{7459B9D9-5F3E-41B5-975D-A0C82E7506BB}.Release|Any CPU.ActiveCfg = Release|Any CPU
		{7459B9D9-5F3E-41B5-975D-A0C82E7506BB}.Release|Any CPU.Build.0 = Release|Any CPU
		{A048E7D7-3CF7-4019-B06B-E48C621A0303}.Debug|Any CPU.ActiveCfg = Debug|Any CPU
		{A048E7D7-3CF7-4019-B06B-E48C621A0303}.Debug|Any CPU.Build.0 = Debug|Any CPU
		{A048E7D7-3CF7-4019-B06B-E48C621A0303}.Release|Any CPU.ActiveCfg = Release|Any CPU
		{A048E7D7-3CF7-4019-B06B-E48C621A0303}.Release|Any CPU.Build.0 = Release|Any CPU
		{E4CDC7A9-0952-4948-B3C9-EF2EA347A554}.Debug|Any CPU.ActiveCfg = Debug|Any CPU
		{E4CDC7A9-0952-4948-B3C9-EF2EA347A554}.Debug|Any CPU.Build.0 = Debug|Any CPU
		{E4CDC7A9-0952-4948-B3C9-EF2EA347A554}.Release|Any CPU.ActiveCfg = Release|Any CPU
		{E4CDC7A9-0952-4948-B3C9-EF2EA347A554}.Release|Any CPU.Build.0 = Release|Any CPU
	EndGlobalSection
	GlobalSection(SolutionProperties) = preSolution
		HideSolutionNode = FALSE
	EndGlobalSection
EndGlobal
